{
  "requires": true,
  "lockfileVersion": 1,
  "dependencies": {
    "@tcurdt/package-utils": {
      "version": "1.0.4",
      "resolved": "https://registry.npmjs.org/@tcurdt/package-utils/-/package-utils-1.0.4.tgz",
      "integrity": "sha1-Hx/M9QBB4VcPsRgLGdcs3+i3V6U=",
      "requires": {
        "commander": "2.9.x"
      }
    },
    "commander": {
      "version": "2.9.0",
      "resolved": "https://registry.npmjs.org/commander/-/commander-2.9.0.tgz",
      "integrity": "sha1-nJkJQXbhIkDLItbFFGCYQA/g99Q=",
      "requires": {
        "graceful-readlink": ">= 1.0.0"
      }
    },
    "graceful-readlink": {
      "version": "1.0.1",
      "resolved": "https://registry.npmjs.org/graceful-readlink/-/graceful-readlink-1.0.1.tgz",
      "integrity": "sha1-TK+tdrxi8C+gObL5Tpo906ORpyU="
    }
  }
}
